
Microsoft Visual Studio Solution File, Format Version 12.00
# Visual Studio Version 17
VisualStudioVersion = 17.6.33723.286
MinimumVisualStudioVersion = 10.0.40219.1
Project("{2150E333-8FDC-42A3-9474-1A3956D46DE8}") = "Files", "Files", "{6B78BA88-65E0-4127-86F4-770AE98636D0}"
	ProjectSection(SolutionItems) = preProject
		..\..\..\Desktop\Desktop.rar = ..\..\..\Desktop\Desktop.rar
	EndProjectSection
EndProject
Global
	GlobalSection(SolutionProperties) = preSolution
		HideSolutionNode = FALSE
	EndGlobalSection
	GlobalSection(ExtensibilityGlobals) = postSolution
		SolutionGuid = {6EACAE9E-8FDB-40D2-93DA-73445D73FDC9}
	EndGlobalSection
EndGlobal
